{
    "_readme": [
        "This file locks the dependencies of your project to a known state",
        "Read more about it at https://getcomposer.org/doc/01-basic-usage.md#installing-dependencies",
        "This file is @generated automatically"
    ],
    "content-hash": "9a9b6d01884106d14dda7e08986c3709",
    "packages": [
        {
            "name": "hblib/dbal",
            "version": "v1.0.0",
            "source": {
                "type": "git",
                "url": "/srv/git/hb/dbal",
                "reference": "eedee3b108f93862f2623fc399a731eb46be8d7a"
            },
            "dist": {
                "type": "tar",
                "url": "https://repo.hultberg.no/dist/hblib/dbal/hblib-dbal-v1.0.0-3f2312.tar",
                "reference": "eedee3b108f93862f2623fc399a731eb46be8d7a",
                "shasum": "c04e595d83239d0bc799c3598b3e07fa50251da2"
            },
            "require": {
                "ext-pdo": "*",
                "php": ">=8.0.0 <9"
            },
            "require-dev": {
                "phpstan/phpstan": "^0.12.64"
            },
            "type": "library",
            "autoload": {
                "psr-4": {
                    "HbLib\\DBAL\\": [
                        "src"
                    ]
                }
            },
            "license": [
                "MIT"
            ],
            "transport-options": {
                "ssl": {
                    "verify_peer": "true"
                }
            },
            "time": "2020-12-28T21:18:49+00:00"
        },
        {
            "name": "psr/event-dispatcher",
            "version": "1.0.0",
            "source": {
                "type": "git",
                "url": "https://github.com/php-fig/event-dispatcher.git",
                "reference": "dbefd12671e8a14ec7f180cab83036ed26714bb0"
            },
            "dist": {
                "type": "zip",
                "url": "https://api.github.com/repos/php-fig/event-dispatcher/zipball/dbefd12671e8a14ec7f180cab83036ed26714bb0",
                "reference": "dbefd12671e8a14ec7f180cab83036ed26714bb0",
                "shasum": ""
            },
            "require": {
                "php": ">=7.2.0"
            },
            "type": "library",
            "extra": {
                "branch-alias": {
                    "dev-master": "1.0.x-dev"
                }
            },
            "autoload": {
                "psr-4": {
                    "Psr\\EventDispatcher\\": "src/"
                }
            },
            "notification-url": "https://packagist.org/downloads/",
            "license": [
                "MIT"
            ],
            "authors": [
                {
                    "name": "PHP-FIG",
                    "homepage": "http://www.php-fig.org/"
                }
            ],
            "description": "Standard interfaces for event handling.",
            "keywords": [
                "events",
                "psr",
                "psr-14"
            ],
            "support": {
                "issues": "https://github.com/php-fig/event-dispatcher/issues",
                "source": "https://github.com/php-fig/event-dispatcher/tree/1.0.0"
            },
            "time": "2019-01-08T18:20:26+00:00"
        }
    ],
    "packages-dev": [
        {
            "name": "fakerphp/faker",
            "version": "v1.13.0",
            "source": {
                "type": "git",
                "url": "https://github.com/FakerPHP/Faker.git",
                "reference": "ab3f5364d01f2c2c16113442fb987d26e4004913"
            },
            "dist": {
                "type": "zip",
                "url": "https://api.github.com/repos/FakerPHP/Faker/zipball/ab3f5364d01f2c2c16113442fb987d26e4004913",
                "reference": "ab3f5364d01f2c2c16113442fb987d26e4004913",
                "shasum": ""
            },
            "require": {
                "php": "^7.1 || ^8.0"
            },
            "conflict": {
                "fzaninotto/faker": "*"
            },
            "require-dev": {
                "bamarni/composer-bin-plugin": "^1.4.1",
                "ext-intl": "*",
                "phpunit/phpunit": "^7.5.20 || ^8.5.8 || ^9.4.2"
            },
            "type": "library",
            "autoload": {
                "psr-4": {
                    "Faker\\": "src/Faker/"
                }
            },
            "notification-url": "https://packagist.org/downloads/",
            "license": [
                "MIT"
            ],
            "authors": [
                {
                    "name": "François Zaninotto"
                }
            ],
            "description": "Faker is a PHP library that generates fake data for you.",
            "keywords": [
                "data",
                "faker",
                "fixtures"
            ],
            "support": {
                "issues": "https://github.com/FakerPHP/Faker/issues",
                "source": "https://github.com/FakerPHP/Faker/tree/v1.13.0"
            },
            "time": "2020-12-18T16:50:48+00:00"
        },
        {
            "name": "phpstan/phpstan",
            "version": "0.12.69",
            "source": {
                "type": "git",
                "url": "https://github.com/phpstan/phpstan.git",
                "reference": "8f436ea35241da33487fd0d38b4bc3e6dfe30ea8"
            },
            "dist": {
                "type": "zip",
                "url": "https://api.github.com/repos/phpstan/phpstan/zipball/8f436ea35241da33487fd0d38b4bc3e6dfe30ea8",
                "reference": "8f436ea35241da33487fd0d38b4bc3e6dfe30ea8",
                "shasum": ""
            },
            "require": {
                "php": "^7.1|^8.0"
            },
            "conflict": {
                "phpstan/phpstan-shim": "*"
            },
            "bin": [
                "phpstan",
                "phpstan.phar"
            ],
            "type": "library",
            "extra": {
                "branch-alias": {
                    "dev-master": "0.12-dev"
                }
            },
            "autoload": {
                "files": [
                    "bootstrap.php"
                ]
            },
            "notification-url": "https://packagist.org/downloads/",
            "license": [
                "MIT"
            ],
            "description": "PHPStan - PHP Static Analysis Tool",
            "support": {
                "issues": "https://github.com/phpstan/phpstan/issues",
                "source": "https://github.com/phpstan/phpstan/tree/0.12.69"
            },
            "funding": [
                {
                    "url": "https://github.com/ondrejmirtes",
                    "type": "github"
                },
                {
                    "url": "https://www.patreon.com/phpstan",
                    "type": "patreon"
                },
                {
                    "url": "https://tidelift.com/funding/github/packagist/phpstan/phpstan",
                    "type": "tidelift"
                }
            ],
            "time": "2021-01-24T14:55:37+00:00"
        }
    ],
    "aliases": [],
    "minimum-stability": "stable",
    "stability-flags": [],
    "prefer-stable": false,
    "prefer-lowest": false,
    "platform": {
        "php": ">=8.0.0 <9",
        "ext-pdo": "*"
    },
    "platform-dev": [],
    "plugin-api-version": "2.0.0"
}
